
Microsoft Visual Studio Solution File, Format Version 12.00
# Visual Studio Version 16
VisualStudioVersion = 16.0.29613.14
MinimumVisualStudioVersion = 10.0.40219.1
Project("{FAE04EC0-301F-11D3-BF4B-00C04F79EFBC}") = "CourseLibrary.API", "CourseLibrary.API\CourseLibrary.API.csproj", "{06833098-C646-4653-BE27-0EF2E16846CD}"
EndProject
Global
	GlobalSection(SolutionConfigurationPlatforms) = preSolution
		Debug|Any CPU = Debug|Any CPU
		Release|Any CPU = Release|Any CPU
	EndGlobalSection
	GlobalSection(ProjectConfigurationPlatforms) = postSolution
		{06833098-C646-4653-BE27-0EF2E16846CD}.Debug|Any CPU.ActiveCfg = Debug|Any CPU
		{06833098-C646-4653-BE27-0EF2E16846CD}.Debug|Any CPU.Build.0 = Debug|Any CPU
		{06833098-C646-4653-BE27-0EF2E16846CD}.Release|Any CPU.ActiveCfg = Release|Any CPU
		{06833098-C646-4653-BE27-0EF2E16846CD}.Release|Any CPU.Build.0 = Release|Any CPU
	EndGlobalSection
	GlobalSection(SolutionProperties) = preSolution
		HideSolutionNode = FALSE
	EndGlobalSection
	GlobalSection(ExtensibilityGlobals) = postSolution
		SolutionGuid = {3B1DF1CA-9709-4D96-BD6F-E70E6185CA11}
	EndGlobalSection
EndGlobal
